# This file is automatically @generated by Poetry 1.8.2 and should not be changed by hand.

[[package]]
name = "ast-comments"
version = "1.2.2"
description = ""
optional = false
python-versions = "<4.0,>=3.8"
files = [
    {file = "ast_comments-1.2.2-py3-none-any.whl", hash = "sha256:6468c6b91d971b3fca2e3cd6f7a6d52e7385b6e4d25809444372960c74a8cbc2"},
    {file = "ast_comments-1.2.2.tar.gz", hash = "sha256:04f86e0a8010569ea279d470b4dcb86f0913a8a39bd80e0fe358e11aa5bfa8d6"},
]

[metadata]
lock-version = "2.0"
python-versions = "^3.9"
content-hash = "5462be2568aef4846a8f1d27c9304e03a10918f3a8158f6148d3fdfde990e63a"
